
Microsoft Visual Studio Solution File, Format Version 12.00
# Visual Studio Version 17
VisualStudioVersion = 17.2.32630.192
MinimumVisualStudioVersion = 10.0.40219.1
Project("{FAE04EC0-301F-11D3-BF4B-00C04F79EFBC}") = "exercicion", "exercicion\exercicion.csproj", "{DA36C15C-7253-443F-B07D-118F9BD7B108}"
EndProject
Global
	GlobalSection(SolutionConfigurationPlatforms) = preSolution
		Debug|Any CPU = Debug|Any CPU
		Release|Any CPU = Release|Any CPU
	EndGlobalSection
	GlobalSection(ProjectConfigurationPlatforms) = postSolution
		{DA36C15C-7253-443F-B07D-118F9BD7B108}.Debug|Any CPU.ActiveCfg = Debug|Any CPU
		{DA36C15C-7253-443F-B07D-118F9BD7B108}.Debug|Any CPU.Build.0 = Debug|Any CPU
		{DA36C15C-7253-443F-B07D-118F9BD7B108}.Release|Any CPU.ActiveCfg = Release|Any CPU
		{DA36C15C-7253-443F-B07D-118F9BD7B108}.Release|Any CPU.Build.0 = Release|Any CPU
	EndGlobalSection
	GlobalSection(SolutionProperties) = preSolution
		HideSolutionNode = FALSE
	EndGlobalSection
	GlobalSection(ExtensibilityGlobals) = postSolution
		SolutionGuid = {05DF8B8C-9ACC-4677-9E41-EF32FAE53C11}
	EndGlobalSection
EndGlobal
